// !$*UTF8*$!
{
	archiveVersion = 1;
	classes = {
	};
	objectVersion = 50;
	objects = {

/* Begin PBXBuildFile section */
		B342C0B6217997E800282BDC /* SMMath.framework in Frameworks */ = {isa = PBXBuildFile; fileRef = B342C0AC217997E700282BDC /* SMMath.framework */; };
		B342C0BB217997E800282BDC /* SMMathTests.swift in Sources */ = {isa = PBXBuildFile; fileRef = B342C0BA217997E800282BDC /* SMMathTests.swift */; };
		B342C0BD217997E800282BDC /* SMMath.h in Headers */ = {isa = PBXBuildFile; fileRef = B342C0AF217997E700282BDC /* SMMath.h */; settings = {ATTRIBUTES = (Public, ); }; };
		B342C0C72179980400282BDC /* Math.swift in Sources */ = {isa = PBXBuildFile; fileRef = B342C0C62179980400282BDC /* Math.swift */; };
		B342C0CB2179986500282BDC /* MathOperatorEnum.swift in Sources */ = {isa = PBXBuildFile; fileRef = B342C0CA2179986500282BDC /* MathOperatorEnum.swift */; };
		B342C0CD217998D200282BDC /* FunctionEnum.swift in Sources */ = {isa = PBXBuildFile; fileRef = B342C0CC217998D200282BDC /* FunctionEnum.swift */; };
		B342C0CF2179990000282BDC /* ExpressionElementEnum.swift in Sources */ = {isa = PBXBuildFile; fileRef = B342C0CE2179990000282BDC /* ExpressionElementEnum.swift */; };
		B342C0D421799BB400282BDC /* CalculableProtocol.swift in Sources */ = {isa = PBXBuildFile; fileRef = B342C0D321799BB400282BDC /* CalculableProtocol.swift */; };
		B342C0D621799C2900282BDC /* Expression.swift in Sources */ = {isa = PBXBuildFile; fileRef = B342C0D521799C2900282BDC /* Expression.swift */; };
		B342C109217AB08F00282BDC /* SMStack.framework in Frameworks */ = {isa = PBXBuildFile; fileRef = B342C108217AB08F00282BDC /* SMStack.framework */; };
		B342C10D217AB44900282BDC /* SMStack.framework in Frameworks */ = {isa = PBXBuildFile; fileRef = B342C108217AB08F00282BDC /* SMStack.framework */; };
		B3FAF29C217AC72500D6E7DE /* MaxFunction.swift in Sources */ = {isa = PBXBuildFile; fileRef = B3FAF29B217AC72500D6E7DE /* MaxFunction.swift */; };
		B3FAF29E217AC78900D6E7DE /* FunctionProtocol.swift in Sources */ = {isa = PBXBuildFile; fileRef = B3FAF29D217AC78900D6E7DE /* FunctionProtocol.swift */; };
		B3FAF2A0217ACADD00D6E7DE /* ModifyInstruction.swift in Sources */ = {isa = PBXBuildFile; fileRef = B3FAF29F217ACADD00D6E7DE /* ModifyInstruction.swift */; };
/* End PBXBuildFile section */

/* Begin PBXContainerItemProxy section */
		B342C0B7217997E800282BDC /* PBXContainerItemProxy */ = {
			isa = PBXContainerItemProxy;
			containerPortal = B342C0A3217997E700282BDC /* Project object */;
			proxyType = 1;
			remoteGlobalIDString = B342C0AB217997E700282BDC;
			remoteInfo = SMMath;
		};
/* End PBXContainerItemProxy section */

/* Begin PBXFileReference section */
		B342C0AC217997E700282BDC /* SMMath.framework */ = {isa = PBXFileReference; explicitFileType = wrapper.framework; includeInIndex = 0; path = SMMath.framework; sourceTree = BUILT_PRODUCTS_DIR; };
		B342C0AF217997E700282BDC /* SMMath.h */ = {isa = PBXFileReference; lastKnownFileType = sourcecode.c.h; path = SMMath.h; sourceTree = "<group>"; };
		B342C0B0217997E700282BDC /* Info.plist */ = {isa = PBXFileReference; lastKnownFileType = text.plist.xml; path = Info.plist; sourceTree = "<group>"; };
		B342C0B5217997E700282BDC /* SMMathTests.xctest */ = {isa = PBXFileReference; explicitFileType = wrapper.cfbundle; includeInIndex = 0; path = SMMathTests.xctest; sourceTree = BUILT_PRODUCTS_DIR; };
		B342C0BA217997E800282BDC /* SMMathTests.swift */ = {isa = PBXFileReference; lastKnownFileType = sourcecode.swift; path = SMMathTests.swift; sourceTree = "<group>"; };
		B342C0BC217997E800282BDC /* Info.plist */ = {isa = PBXFileReference; lastKnownFileType = text.plist.xml; path = Info.plist; sourceTree = "<group>"; };
		B342C0C62179980400282BDC /* Math.swift */ = {isa = PBXFileReference; lastKnownFileType = sourcecode.swift; path = Math.swift; sourceTree = "<group>"; };
		B342C0CA2179986500282BDC /* MathOperatorEnum.swift */ = {isa = PBXFileReference; lastKnownFileType = sourcecode.swift; path = MathOperatorEnum.swift; sourceTree = "<group>"; };
		B342C0CC217998D200282BDC /* FunctionEnum.swift */ = {isa = PBXFileReference; lastKnownFileType = sourcecode.swift; path = FunctionEnum.swift; sourceTree = "<group>"; };
		B342C0CE2179990000282BDC /* ExpressionElementEnum.swift */ = {isa = PBXFileReference; lastKnownFileType = sourcecode.swift; path = ExpressionElementEnum.swift; sourceTree = "<group>"; };
		B342C0D321799BB400282BDC /* CalculableProtocol.swift */ = {isa = PBXFileReference; lastKnownFileType = sourcecode.swift; path = CalculableProtocol.swift; sourceTree = "<group>"; };
		B342C0D521799C2900282BDC /* Expression.swift */ = {isa = PBXFileReference; lastKnownFileType = sourcecode.swift; path = Expression.swift; sourceTree = "<group>"; };
		B342C108217AB08F00282BDC /* SMStack.framework */ = {isa = PBXFileReference; lastKnownFileType = wrapper.framework; path = SMStack.framework; sourceTree = "<group>"; };
		B3FAF29B217AC72500D6E7DE /* MaxFunction.swift */ = {isa = PBXFileReference; lastKnownFileType = sourcecode.swift; path = MaxFunction.swift; sourceTree = "<group>"; };
		B3FAF29D217AC78900D6E7DE /* FunctionProtocol.swift */ = {isa = PBXFileReference; lastKnownFileType = sourcecode.swift; path = FunctionProtocol.swift; sourceTree = "<group>"; };
		B3FAF29F217ACADD00D6E7DE /* ModifyInstruction.swift */ = {isa = PBXFileReference; lastKnownFileType = sourcecode.swift; path = ModifyInstruction.swift; sourceTree = "<group>"; };
/* End PBXFileReference section */

/* Begin PBXFrameworksBuildPhase section */
		B342C0A9217997E700282BDC /* Frameworks */ = {
			isa = PBXFrameworksBuildPhase;
			buildActionMask = 2147483647;
			files = (
				B342C109217AB08F00282BDC /* SMStack.framework in Frameworks */,
			);
			runOnlyForDeploymentPostprocessing = 0;
		};
		B342C0B2217997E700282BDC /* Frameworks */ = {
			isa = PBXFrameworksBuildPhase;
			buildActionMask = 2147483647;
			files = (
				B342C0B6217997E800282BDC /* SMMath.framework in Frameworks */,
				B342C10D217AB44900282BDC /* SMStack.framework in Frameworks */,
			);
			runOnlyForDeploymentPostprocessing = 0;
		};
/* End PBXFrameworksBuildPhase section */

/* Begin PBXGroup section */
		B342C0A2217997E700282BDC = {
			isa = PBXGroup;
			children = (
				B342C0AE217997E700282BDC /* SMMath */,
				B342C0B9217997E800282BDC /* SMMathTests */,
				B342C0AD217997E700282BDC /* Products */,
				B342C10B217AB21600282BDC /* Frameworks */,
			);
			sourceTree = "<group>";
		};
		B342C0AD217997E700282BDC /* Products */ = {
			isa = PBXGroup;
			children = (
				B342C0AC217997E700282BDC /* SMMath.framework */,
				B342C0B5217997E700282BDC /* SMMathTests.xctest */,
			);
			name = Products;
			sourceTree = "<group>";
		};
		B342C0AE217997E700282BDC /* SMMath */ = {
			isa = PBXGroup;
			children = (
				B3FAF29A217AC71600D6E7DE /* MathFunctions */,
				B342C0C92179984E00282BDC /* protocols */,
				B342C0C82179984500282BDC /* enums */,
				B342C0D0217999B300282BDC /* structs */,
				B342C0C62179980400282BDC /* Math.swift */,
				B342C0AF217997E700282BDC /* SMMath.h */,
				B342C0B0217997E700282BDC /* Info.plist */,
			);
			path = SMMath;
			sourceTree = "<group>";
		};
		B342C0B9217997E800282BDC /* SMMathTests */ = {
			isa = PBXGroup;
			children = (
				B342C0BA217997E800282BDC /* SMMathTests.swift */,
				B342C0BC217997E800282BDC /* Info.plist */,
			);
			path = SMMathTests;
			sourceTree = "<group>";
		};
		B342C0C82179984500282BDC /* enums */ = {
			isa = PBXGroup;
			children = (
				B342C0CA2179986500282BDC /* MathOperatorEnum.swift */,
				B342C0CC217998D200282BDC /* FunctionEnum.swift */,
				B342C0CE2179990000282BDC /* ExpressionElementEnum.swift */,
				B3FAF29F217ACADD00D6E7DE /* ModifyInstruction.swift */,
			);
			path = enums;
			sourceTree = "<group>";
		};
		B342C0C92179984E00282BDC /* protocols */ = {
			isa = PBXGroup;
			children = (
				B342C0D321799BB400282BDC /* CalculableProtocol.swift */,
			);
			path = protocols;
			sourceTree = "<group>";
		};
		B342C0D0217999B300282BDC /* structs */ = {
			isa = PBXGroup;
			children = (
				B342C0D521799C2900282BDC /* Expression.swift */,
			);
			path = structs;
			sourceTree = "<group>";
		};
		B342C10B217AB21600282BDC /* Frameworks */ = {
			isa = PBXGroup;
			children = (
				B342C108217AB08F00282BDC /* SMStack.framework */,
			);
			name = Frameworks;
			sourceTree = "<group>";
		};
		B3FAF29A217AC71600D6E7DE /* MathFunctions */ = {
			isa = PBXGroup;
			children = (
				B3FAF29B217AC72500D6E7DE /* MaxFunction.swift */,
				B3FAF29D217AC78900D6E7DE /* FunctionProtocol.swift */,
			);
			path = MathFunctions;
			sourceTree = "<group>";
		};
/* End PBXGroup section */

/* Begin PBXHeadersBuildPhase section */
		B342C0A7217997E700282BDC /* Headers */ = {
			isa = PBXHeadersBuildPhase;
			buildActionMask = 2147483647;
			files = (
				B342C0BD217997E800282BDC /* SMMath.h in Headers */,
			);
			runOnlyForDeploymentPostprocessing = 0;
		};
/* End PBXHeadersBuildPhase section */

/* Begin PBXNativeTarget section */
		B342C0AB217997E700282BDC /* SMMath */ = {
			isa = PBXNativeTarget;
			buildConfigurationList = B342C0C0217997E800282BDC /* Build configuration list for PBXNativeTarget "SMMath" */;
			buildPhases = (
				B342C0A7217997E700282BDC /* Headers */,
				B342C0A8217997E700282BDC /* Sources */,
				B342C0A9217997E700282BDC /* Frameworks */,
				B342C0AA217997E700282BDC /* Resources */,
			);
			buildRules = (
			);
			dependencies = (
			);
			name = SMMath;
			productName = SMMath;
			productReference = B342C0AC217997E700282BDC /* SMMath.framework */;
			productType = "com.apple.product-type.framework";
		};
		B342C0B4217997E700282BDC /* SMMathTests */ = {
			isa = PBXNativeTarget;
			buildConfigurationList = B342C0C3217997E800282BDC /* Build configuration list for PBXNativeTarget "SMMathTests" */;
			buildPhases = (
				B342C0B1217997E700282BDC /* Sources */,
				B342C0B2217997E700282BDC /* Frameworks */,
				B342C0B3217997E700282BDC /* Resources */,
			);
			buildRules = (
			);
			dependencies = (
				B342C0B8217997E800282BDC /* PBXTargetDependency */,
			);
			name = SMMathTests;
			productName = SMMathTests;
			productReference = B342C0B5217997E700282BDC /* SMMathTests.xctest */;
			productType = "com.apple.product-type.bundle.unit-test";
		};
/* End PBXNativeTarget section */

/* Begin PBXProject section */
		B342C0A3217997E700282BDC /* Project object */ = {
			isa = PBXProject;
			attributes = {
				LastSwiftUpdateCheck = 1000;
				LastUpgradeCheck = 1000;
				ORGANIZATIONNAME = merkova;
				TargetAttributes = {
					B342C0AB217997E700282BDC = {
						CreatedOnToolsVersion = 10.0;
						LastSwiftMigration = 1000;
					};
					B342C0B4217997E700282BDC = {
						CreatedOnToolsVersion = 10.0;
					};
				};
			};
			buildConfigurationList = B342C0A6217997E700282BDC /* Build configuration list for PBXProject "SMMath" */;
			compatibilityVersion = "Xcode 9.3";
			developmentRegion = en;
			hasScannedForEncodings = 0;
			knownRegions = (
				en,
			);
			mainGroup = B342C0A2217997E700282BDC;
			productRefGroup = B342C0AD217997E700282BDC /* Products */;
			projectDirPath = "";
			projectRoot = "";
			targets = (
				B342C0AB217997E700282BDC /* SMMath */,
				B342C0B4217997E700282BDC /* SMMathTests */,
			);
		};
/* End PBXProject section */

/* Begin PBXResourcesBuildPhase section */
		B342C0AA217997E700282BDC /* Resources */ = {
			isa = PBXResourcesBuildPhase;
			buildActionMask = 2147483647;
			files = (
			);
			runOnlyForDeploymentPostprocessing = 0;
		};
		B342C0B3217997E700282BDC /* Resources */ = {
			isa = PBXResourcesBuildPhase;
			buildActionMask = 2147483647;
			files = (
			);
			runOnlyForDeploymentPostprocessing = 0;
		};
/* End PBXResourcesBuildPhase section */

/* Begin PBXSourcesBuildPhase section */
		B342C0A8217997E700282BDC /* Sources */ = {
			isa = PBXSourcesBuildPhase;
			buildActionMask = 2147483647;
			files = (
				B3FAF29C217AC72500D6E7DE /* MaxFunction.swift in Sources */,
				B342C0C72179980400282BDC /* Math.swift in Sources */,
				B342C0D421799BB400282BDC /* CalculableProtocol.swift in Sources */,
				B3FAF29E217AC78900D6E7DE /* FunctionProtocol.swift in Sources */,
				B3FAF2A0217ACADD00D6E7DE /* ModifyInstruction.swift in Sources */,
				B342C0CF2179990000282BDC /* ExpressionElementEnum.swift in Sources */,
				B342C0CD217998D200282BDC /* FunctionEnum.swift in Sources */,
				B342C0D621799C2900282BDC /* Expression.swift in Sources */,
				B342C0CB2179986500282BDC /* MathOperatorEnum.swift in Sources */,
			);
			runOnlyForDeploymentPostprocessing = 0;
		};
		B342C0B1217997E700282BDC /* Sources */ = {
			isa = PBXSourcesBuildPhase;
			buildActionMask = 2147483647;
			files = (
				B342C0BB217997E800282BDC /* SMMathTests.swift in Sources */,
			);
			runOnlyForDeploymentPostprocessing = 0;
		};
/* End PBXSourcesBuildPhase section */

/* Begin PBXTargetDependency section */
		B342C0B8217997E800282BDC /* PBXTargetDependency */ = {
			isa = PBXTargetDependency;
			target = B342C0AB217997E700282BDC /* SMMath */;
			targetProxy = B342C0B7217997E800282BDC /* PBXContainerItemProxy */;
		};
/* End PBXTargetDependency section */

/* Begin XCBuildConfiguration section */
		B342C0BE217997E800282BDC /* Debug */ = {
			isa = XCBuildConfiguration;
			buildSettings = {
				ALWAYS_SEARCH_USER_PATHS = NO;
				CLANG_ANALYZER_NONNULL = YES;
				CLANG_ANALYZER_NUMBER_OBJECT_CONVERSION = YES_AGGRESSIVE;
				CLANG_CXX_LANGUAGE_STANDARD = "gnu++14";
				CLANG_CXX_LIBRARY = "libc++";
				CLANG_ENABLE_MODULES = YES;
				CLANG_ENABLE_OBJC_ARC = YES;
				CLANG_ENABLE_OBJC_WEAK = YES;
				CLANG_WARN_BLOCK_CAPTURE_AUTORELEASING = YES;
				CLANG_WARN_BOOL_CONVERSION = YES;
				CLANG_WARN_COMMA = YES;
				CLANG_WARN_CONSTANT_CONVERSION = YES;
				CLANG_WARN_DEPRECATED_OBJC_IMPLEMENTATIONS = YES;
				CLANG_WARN_DIRECT_OBJC_ISA_USAGE = YES_ERROR;
				CLANG_WARN_DOCUMENTATION_COMMENTS = YES;
				CLANG_WARN_EMPTY_BODY = YES;
				CLANG_WARN_ENUM_CONVERSION = YES;
				CLANG_WARN_INFINITE_RECURSION = YES;
				CLANG_WARN_INT_CONVERSION = YES;
				CLANG_WARN_NON_LITERAL_NULL_CONVERSION = YES;
				CLANG_WARN_OBJC_IMPLICIT_RETAIN_SELF = YES;
				CLANG_WARN_OBJC_LITERAL_CONVERSION = YES;
				CLANG_WARN_OBJC_ROOT_CLASS = YES_ERROR;
				CLANG_WARN_RANGE_LOOP_ANALYSIS = YES;
				CLANG_WARN_STRICT_PROTOTYPES = YES;
				CLANG_WARN_SUSPICIOUS_MOVE = YES;
				CLANG_WARN_UNGUARDED_AVAILABILITY = YES_AGGRESSIVE;
				CLANG_WARN_UNREACHABLE_CODE = YES;
				CLANG_WARN__DUPLICATE_METHOD_MATCH = YES;
				CODE_SIGN_IDENTITY = "iPhone Developer";
				COPY_PHASE_STRIP = NO;
				CURRENT_PROJECT_VERSION = 1;
				DEBUG_INFORMATION_FORMAT = dwarf;
				ENABLE_STRICT_OBJC_MSGSEND = YES;
				ENABLE_TESTABILITY = YES;
				GCC_C_LANGUAGE_STANDARD = gnu11;
				GCC_DYNAMIC_NO_PIC = NO;
				GCC_NO_COMMON_BLOCKS = YES;
				GCC_OPTIMIZATION_LEVEL = 0;
				GCC_PREPROCESSOR_DEFINITIONS = (
					"DEBUG=1",
					"$(inherited)",
				);
				GCC_WARN_64_TO_32_BIT_CONVERSION = YES;
				GCC_WARN_ABOUT_RETURN_TYPE = YES_ERROR;
				GCC_WARN_UNDECLARED_SELECTOR = YES;
				GCC_WARN_UNINITIALIZED_AUTOS = YES_AGGRESSIVE;
				GCC_WARN_UNUSED_FUNCTION = YES;
				GCC_WARN_UNUSED_VARIABLE = YES;
				IPHONEOS_DEPLOYMENT_TARGET = 8.0;
				MTL_ENABLE_DEBUG_INFO = INCLUDE_SOURCE;
				MTL_FAST_MATH = YES;
				ONLY_ACTIVE_ARCH = YES;
				SDKROOT = iphoneos;
				SWIFT_ACTIVE_COMPILATION_CONDITIONS = DEBUG;
				SWIFT_OPTIMIZATION_LEVEL = "-Onone";
				VERSIONING_SYSTEM = "apple-generic";
				VERSION_INFO_PREFIX = "";
			};
			name = Debug;
		};
		B342C0BF217997E800282BDC /* Release */ = {
			isa = XCBuildConfiguration;
			buildSettings = {
				ALWAYS_SEARCH_USER_PATHS = NO;
				CLANG_ANALYZER_NONNULL = YES;
				CLANG_ANALYZER_NUMBER_OBJECT_CONVERSION = YES_AGGRESSIVE;
				CLANG_CXX_LANGUAGE_STANDARD = "gnu++14";
				CLANG_CXX_LIBRARY = "libc++";
				CLANG_ENABLE_MODULES = YES;
				CLANG_ENABLE_OBJC_ARC = YES;
				CLANG_ENABLE_OBJC_WEAK = YES;
				CLANG_WARN_BLOCK_CAPTURE_AUTORELEASING = YES;
				CLANG_WARN_BOOL_CONVERSION = YES;
				CLANG_WARN_COMMA = YES;
				CLANG_WARN_CONSTANT_CONVERSION = YES;
				CLANG_WARN_DEPRECATED_OBJC_IMPLEMENTATIONS = YES;
				CLANG_WARN_DIRECT_OBJC_ISA_USAGE = YES_ERROR;
				CLANG_WARN_DOCUMENTATION_COMMENTS = YES;
				CLANG_WARN_EMPTY_BODY = YES;
				CLANG_WARN_ENUM_CONVERSION = YES;
				CLANG_WARN_INFINITE_RECURSION = YES;
				CLANG_WARN_INT_CONVERSION = YES;
				CLANG_WARN_NON_LITERAL_NULL_CONVERSION = YES;
				CLANG_WARN_OBJC_IMPLICIT_RETAIN_SELF = YES;
				CLANG_WARN_OBJC_LITERAL_CONVERSION = YES;
				CLANG_WARN_OBJC_ROOT_CLASS = YES_ERROR;
				CLANG_WARN_RANGE_LOOP_ANALYSIS = YES;
				CLANG_WARN_STRICT_PROTOTYPES = YES;
				CLANG_WARN_SUSPICIOUS_MOVE = YES;
				CLANG_WARN_UNGUARDED_AVAILABILITY = YES_AGGRESSIVE;
				CLANG_WARN_UNREACHABLE_CODE = YES;
				CLANG_WARN__DUPLICATE_METHOD_MATCH = YES;
				CODE_SIGN_IDENTITY = "iPhone Developer";
				COPY_PHASE_STRIP = NO;
				CURRENT_PROJECT_VERSION = 1;
				DEBUG_INFORMATION_FORMAT = "dwarf-with-dsym";
				ENABLE_NS_ASSERTIONS = NO;
				ENABLE_STRICT_OBJC_MSGSEND = YES;
				GCC_C_LANGUAGE_STANDARD = gnu11;
				GCC_NO_COMMON_BLOCKS = YES;
				GCC_WARN_64_TO_32_BIT_CONVERSION = YES;
				GCC_WARN_ABOUT_RETURN_TYPE = YES_ERROR;
				GCC_WARN_UNDECLARED_SELECTOR = YES;
				GCC_WARN_UNINITIALIZED_AUTOS = YES_AGGRESSIVE;
				GCC_WARN_UNUSED_FUNCTION = YES;
				GCC_WARN_UNUSED_VARIABLE = YES;
				IPHONEOS_DEPLOYMENT_TARGET = 8.0;
				MTL_ENABLE_DEBUG_INFO = NO;
				MTL_FAST_MATH = YES;
				SDKROOT = iphoneos;
				SWIFT_COMPILATION_MODE = wholemodule;
				SWIFT_OPTIMIZATION_LEVEL = "-O";
				VALIDATE_PRODUCT = YES;
				VERSIONING_SYSTEM = "apple-generic";
				VERSION_INFO_PREFIX = "";
			};
			name = Release;
		};
		B342C0C1217997E800282BDC /* Debug */ = {
			isa = XCBuildConfiguration;
			buildSettings = {
				CLANG_ENABLE_MODULES = YES;
				CODE_SIGN_IDENTITY = "";
				CODE_SIGN_STYLE = Automatic;
				DEFINES_MODULE = YES;
				DEVELOPMENT_TEAM = HU4P847GG9;
				DYLIB_COMPATIBILITY_VERSION = 1;
				DYLIB_CURRENT_VERSION = 1;
				DYLIB_INSTALL_NAME_BASE = "@rpath";
				FRAMEWORK_SEARCH_PATHS = (
					"$(inherited)",
					"$(PROJECT_DIR)",
				);
				INFOPLIST_FILE = SMMath/Info.plist;
				INSTALL_PATH = "$(LOCAL_LIBRARY_DIR)/Frameworks";
				LD_RUNPATH_SEARCH_PATHS = (
					"$(inherited)",
					"@executable_path/Frameworks",
					"@loader_path/Frameworks",
				);
				PRODUCT_BUNDLE_IDENTIFIER = com.merkova.SMMath;
				PRODUCT_NAME = "$(TARGET_NAME:c99extidentifier)";
				SKIP_INSTALL = YES;
				SWIFT_OPTIMIZATION_LEVEL = "-Onone";
				SWIFT_VERSION = 4.2;
				TARGETED_DEVICE_FAMILY = "1,2";
			};
			name = Debug;
		};
		B342C0C2217997E800282BDC /* Release */ = {
			isa = XCBuildConfiguration;
			buildSettings = {
				CLANG_ENABLE_MODULES = YES;
				CODE_SIGN_IDENTITY = "";
				CODE_SIGN_STYLE = Automatic;
				DEFINES_MODULE = YES;
				DEVELOPMENT_TEAM = HU4P847GG9;
				DYLIB_COMPATIBILITY_VERSION = 1;
				DYLIB_CURRENT_VERSION = 1;
				DYLIB_INSTALL_NAME_BASE = "@rpath";
				FRAMEWORK_SEARCH_PATHS = (
					"$(inherited)",
					"$(PROJECT_DIR)",
				);
				INFOPLIST_FILE = SMMath/Info.plist;
				INSTALL_PATH = "$(LOCAL_LIBRARY_DIR)/Frameworks";
				LD_RUNPATH_SEARCH_PATHS = (
					"$(inherited)",
					"@executable_path/Frameworks",
					"@loader_path/Frameworks",
				);
				PRODUCT_BUNDLE_IDENTIFIER = com.merkova.SMMath;
				PRODUCT_NAME = "$(TARGET_NAME:c99extidentifier)";
				SKIP_INSTALL = YES;
				SWIFT_VERSION = 4.2;
				TARGETED_DEVICE_FAMILY = "1,2";
			};
			name = Release;
		};
		B342C0C4217997E800282BDC /* Debug */ = {
			isa = XCBuildConfiguration;
			buildSettings = {
				ALWAYS_EMBED_SWIFT_STANDARD_LIBRARIES = YES;
				CODE_SIGN_STYLE = Automatic;
				DEVELOPMENT_TEAM = HU4P847GG9;
				FRAMEWORK_SEARCH_PATHS = (
					"$(inherited)",
					"$(PROJECT_DIR)",
				);
				INFOPLIST_FILE = SMMathTests/Info.plist;
				LD_RUNPATH_SEARCH_PATHS = (
					"$(inherited)",
					"@executable_path/Frameworks",
					"@loader_path/Frameworks",
				);
				PRODUCT_BUNDLE_IDENTIFIER = com.merkova.SMMathTests;
				PRODUCT_NAME = "$(TARGET_NAME)";
				SWIFT_VERSION = 4.2;
				TARGETED_DEVICE_FAMILY = "1,2";
			};
			name = Debug;
		};
		B342C0C5217997E800282BDC /* Release */ = {
			isa = XCBuildConfiguration;
			buildSettings = {
				ALWAYS_EMBED_SWIFT_STANDARD_LIBRARIES = YES;
				CODE_SIGN_STYLE = Automatic;
				DEVELOPMENT_TEAM = HU4P847GG9;
				FRAMEWORK_SEARCH_PATHS = (
					"$(inherited)",
					"$(PROJECT_DIR)",
				);
				INFOPLIST_FILE = SMMathTests/Info.plist;
				LD_RUNPATH_SEARCH_PATHS = (
					"$(inherited)",
					"@executable_path/Frameworks",
					"@loader_path/Frameworks",
				);
				PRODUCT_BUNDLE_IDENTIFIER = com.merkova.SMMathTests;
				PRODUCT_NAME = "$(TARGET_NAME)";
				SWIFT_VERSION = 4.2;
				TARGETED_DEVICE_FAMILY = "1,2";
			};
			name = Release;
		};
/* End XCBuildConfiguration section */

/* Begin XCConfigurationList section */
		B342C0A6217997E700282BDC /* Build configuration list for PBXProject "SMMath" */ = {
			isa = XCConfigurationList;
			buildConfigurations = (
				B342C0BE217997E800282BDC /* Debug */,
				B342C0BF217997E800282BDC /* Release */,
			);
			defaultConfigurationIsVisible = 0;
			defaultConfigurationName = Release;
		};
		B342C0C0217997E800282BDC /* Build configuration list for PBXNativeTarget "SMMath" */ = {
			isa = XCConfigurationList;
			buildConfigurations = (
				B342C0C1217997E800282BDC /* Debug */,
				B342C0C2217997E800282BDC /* Release */,
			);
			defaultConfigurationIsVisible = 0;
			defaultConfigurationName = Release;
		};
		B342C0C3217997E800282BDC /* Build configuration list for PBXNativeTarget "SMMathTests" */ = {
			isa = XCConfigurationList;
			buildConfigurations = (
				B342C0C4217997E800282BDC /* Debug */,
				B342C0C5217997E800282BDC /* Release */,
			);
			defaultConfigurationIsVisible = 0;
			defaultConfigurationName = Release;
		};
/* End XCConfigurationList section */
	};
	rootObject = B342C0A3217997E700282BDC /* Project object */;
}
